// !$*UTF8*$!
{
	archiveVersion = 1;
	classes = {
	};
	objectVersion = 50;
	objects = {

/* Begin PBXBuildFile section */
		2C1888652456098400D5FBC5 /* AppDelegate.swift in Sources */ = {isa = PBXBuildFile; fileRef = 2C1888642456098400D5FBC5 /* AppDelegate.swift */; };
		2C1888672456098400D5FBC5 /* SceneDelegate.swift in Sources */ = {isa = PBXBuildFile; fileRef = 2C1888662456098400D5FBC5 /* SceneDelegate.swift */; };
		2C18886A2456098400D5FBC5 /* PlantWater.xcdatamodeld in Sources */ = {isa = PBXBuildFile; fileRef = 2C1888682456098400D5FBC5 /* PlantWater.xcdatamodeld */; };
		2C18886C2456098400D5FBC5 /* ContentView.swift in Sources */ = {isa = PBXBuildFile; fileRef = 2C18886B2456098400D5FBC5 /* ContentView.swift */; };
		2C18886E2456098500D5FBC5 /* Assets.xcassets in Resources */ = {isa = PBXBuildFile; fileRef = 2C18886D2456098500D5FBC5 /* Assets.xcassets */; };
		2C1888712456098500D5FBC5 /* Preview Assets.xcassets in Resources */ = {isa = PBXBuildFile; fileRef = 2C1888702456098500D5FBC5 /* Preview Assets.xcassets */; };
		2C1888742456098500D5FBC5 /* LaunchScreen.storyboard in Resources */ = {isa = PBXBuildFile; fileRef = 2C1888722456098500D5FBC5 /* LaunchScreen.storyboard */; };
		2C18887C24560ADE00D5FBC5 /* Plant.swift in Sources */ = {isa = PBXBuildFile; fileRef = 2C18887B24560ADE00D5FBC5 /* Plant.swift */; };
		2C18887E2456106F00D5FBC5 /* PlantDetails.swift in Sources */ = {isa = PBXBuildFile; fileRef = 2C18887D2456106F00D5FBC5 /* PlantDetails.swift */; };
		2C188880245613AE00D5FBC5 /* PlantStore.swift in Sources */ = {isa = PBXBuildFile; fileRef = 2C18887F245613AE00D5FBC5 /* PlantStore.swift */; };
		2C18888724564DF400D5FBC5 /* PhotoCaptureView.swift in Sources */ = {isa = PBXBuildFile; fileRef = 2C18888624564DF400D5FBC5 /* PhotoCaptureView.swift */; };
		2C18888924564E1400D5FBC5 /* ImagePicker.swift in Sources */ = {isa = PBXBuildFile; fileRef = 2C18888824564E1400D5FBC5 /* ImagePicker.swift */; };
		2CBF9B54245A61370071CAF6 /* EditValueView.swift in Sources */ = {isa = PBXBuildFile; fileRef = 2CBF9B53245A61370071CAF6 /* EditValueView.swift */; };
/* End PBXBuildFile section */

/* Begin PBXFileReference section */
		2C1888612456098400D5FBC5 /* PlantWater.app */ = {isa = PBXFileReference; explicitFileType = wrapper.application; includeInIndex = 0; path = PlantWater.app; sourceTree = BUILT_PRODUCTS_DIR; };
		2C1888642456098400D5FBC5 /* AppDelegate.swift */ = {isa = PBXFileReference; lastKnownFileType = sourcecode.swift; path = AppDelegate.swift; sourceTree = "<group>"; };
		2C1888662456098400D5FBC5 /* SceneDelegate.swift */ = {isa = PBXFileReference; lastKnownFileType = sourcecode.swift; path = SceneDelegate.swift; sourceTree = "<group>"; };
		2C1888692456098400D5FBC5 /* PlantWater.xcdatamodel */ = {isa = PBXFileReference; lastKnownFileType = wrapper.xcdatamodel; path = PlantWater.xcdatamodel; sourceTree = "<group>"; };
		2C18886B2456098400D5FBC5 /* ContentView.swift */ = {isa = PBXFileReference; lastKnownFileType = sourcecode.swift; path = ContentView.swift; sourceTree = "<group>"; };
		2C18886D2456098500D5FBC5 /* Assets.xcassets */ = {isa = PBXFileReference; lastKnownFileType = folder.assetcatalog; path = Assets.xcassets; sourceTree = "<group>"; };
		2C1888702456098500D5FBC5 /* Preview Assets.xcassets */ = {isa = PBXFileReference; lastKnownFileType = folder.assetcatalog; path = "Preview Assets.xcassets"; sourceTree = "<group>"; };
		2C1888732456098500D5FBC5 /* Base */ = {isa = PBXFileReference; lastKnownFileType = file.storyboard; name = Base; path = Base.lproj/LaunchScreen.storyboard; sourceTree = "<group>"; };
		2C1888752456098500D5FBC5 /* Info.plist */ = {isa = PBXFileReference; lastKnownFileType = text.plist.xml; path = Info.plist; sourceTree = "<group>"; };
		2C18887B24560ADE00D5FBC5 /* Plant.swift */ = {isa = PBXFileReference; lastKnownFileType = sourcecode.swift; path = Plant.swift; sourceTree = "<group>"; };
		2C18887D2456106F00D5FBC5 /* PlantDetails.swift */ = {isa = PBXFileReference; lastKnownFileType = sourcecode.swift; path = PlantDetails.swift; sourceTree = "<group>"; };
		2C18887F245613AE00D5FBC5 /* PlantStore.swift */ = {isa = PBXFileReference; lastKnownFileType = sourcecode.swift; path = PlantStore.swift; sourceTree = "<group>"; };
		2C18888524564B5000D5FBC5 /* README.md */ = {isa = PBXFileReference; lastKnownFileType = net.daringfireball.markdown; path = README.md; sourceTree = "<group>"; };
		2C18888624564DF400D5FBC5 /* PhotoCaptureView.swift */ = {isa = PBXFileReference; lastKnownFileType = sourcecode.swift; path = PhotoCaptureView.swift; sourceTree = "<group>"; };
		2C18888824564E1400D5FBC5 /* ImagePicker.swift */ = {isa = PBXFileReference; lastKnownFileType = sourcecode.swift; path = ImagePicker.swift; sourceTree = "<group>"; };
		2CBF9B53245A61370071CAF6 /* EditValueView.swift */ = {isa = PBXFileReference; lastKnownFileType = sourcecode.swift; path = EditValueView.swift; sourceTree = "<group>"; };
/* End PBXFileReference section */

/* Begin PBXFrameworksBuildPhase section */
		2C18885E2456098400D5FBC5 /* Frameworks */ = {
			isa = PBXFrameworksBuildPhase;
			buildActionMask = 2147483647;
			files = (
			);
			runOnlyForDeploymentPostprocessing = 0;
		};
/* End PBXFrameworksBuildPhase section */

/* Begin PBXGroup section */
		2C1888582456098400D5FBC5 = {
			isa = PBXGroup;
			children = (
				2C18888524564B5000D5FBC5 /* README.md */,
				2C1888632456098400D5FBC5 /* PlantWater */,
				2C1888622456098400D5FBC5 /* Products */,
			);
			sourceTree = "<group>";
		};
		2C1888622456098400D5FBC5 /* Products */ = {
			isa = PBXGroup;
			children = (
				2C1888612456098400D5FBC5 /* PlantWater.app */,
			);
			name = Products;
			sourceTree = "<group>";
		};
		2C1888632456098400D5FBC5 /* PlantWater */ = {
			isa = PBXGroup;
			children = (
				2C1888642456098400D5FBC5 /* AppDelegate.swift */,
				2C1888662456098400D5FBC5 /* SceneDelegate.swift */,
				2C18886B2456098400D5FBC5 /* ContentView.swift */,
				2C18886D2456098500D5FBC5 /* Assets.xcassets */,
				2C1888722456098500D5FBC5 /* LaunchScreen.storyboard */,
				2C1888752456098500D5FBC5 /* Info.plist */,
				2C1888682456098400D5FBC5 /* PlantWater.xcdatamodeld */,
				2C18886F2456098500D5FBC5 /* Preview Content */,
				2C18887B24560ADE00D5FBC5 /* Plant.swift */,
				2C18887D2456106F00D5FBC5 /* PlantDetails.swift */,
				2C18887F245613AE00D5FBC5 /* PlantStore.swift */,
				2C18888624564DF400D5FBC5 /* PhotoCaptureView.swift */,
				2C18888824564E1400D5FBC5 /* ImagePicker.swift */,
				2CBF9B53245A61370071CAF6 /* EditValueView.swift */,
			);
			path = PlantWater;
			sourceTree = "<group>";
		};
		2C18886F2456098500D5FBC5 /* Preview Content */ = {
			isa = PBXGroup;
			children = (
				2C1888702456098500D5FBC5 /* Preview Assets.xcassets */,
			);
			path = "Preview Content";
			sourceTree = "<group>";
		};
/* End PBXGroup section */

/* Begin PBXNativeTarget section */
		2C1888602456098400D5FBC5 /* PlantWater */ = {
			isa = PBXNativeTarget;
			buildConfigurationList = 2C1888782456098500D5FBC5 /* Build configuration list for PBXNativeTarget "PlantWater" */;
			buildPhases = (
				2C18885D2456098400D5FBC5 /* Sources */,
				2C18885E2456098400D5FBC5 /* Frameworks */,
				2C18885F2456098400D5FBC5 /* Resources */,
			);
			buildRules = (
			);
			dependencies = (
			);
			name = PlantWater;
			productName = PlantWater;
			productReference = 2C1888612456098400D5FBC5 /* PlantWater.app */;
			productType = "com.apple.product-type.application";
		};
/* End PBXNativeTarget section */

/* Begin PBXProject section */
		2C1888592456098400D5FBC5 /* Project object */ = {
			isa = PBXProject;
			attributes = {
				LastSwiftUpdateCheck = 1140;
				LastUpgradeCheck = 1140;
				ORGANIZATIONNAME = marcusmth;
				TargetAttributes = {
					2C1888602456098400D5FBC5 = {
						CreatedOnToolsVersion = 11.4.1;
					};
				};
			};
			buildConfigurationList = 2C18885C2456098400D5FBC5 /* Build configuration list for PBXProject "PlantWater" */;
			compatibilityVersion = "Xcode 9.3";
			developmentRegion = en;
			hasScannedForEncodings = 0;
			knownRegions = (
				en,
				Base,
			);
			mainGroup = 2C1888582456098400D5FBC5;
			productRefGroup = 2C1888622456098400D5FBC5 /* Products */;
			projectDirPath = "";
			projectRoot = "";
			targets = (
				2C1888602456098400D5FBC5 /* PlantWater */,
			);
		};
/* End PBXProject section */

/* Begin PBXResourcesBuildPhase section */
		2C18885F2456098400D5FBC5 /* Resources */ = {
			isa = PBXResourcesBuildPhase;
			buildActionMask = 2147483647;
			files = (
				2C1888742456098500D5FBC5 /* LaunchScreen.storyboard in Resources */,
				2C1888712456098500D5FBC5 /* Preview Assets.xcassets in Resources */,
				2C18886E2456098500D5FBC5 /* Assets.xcassets in Resources */,
			);
			runOnlyForDeploymentPostprocessing = 0;
		};
/* End PBXResourcesBuildPhase section */

/* Begin PBXSourcesBuildPhase section */
		2C18885D2456098400D5FBC5 /* Sources */ = {
			isa = PBXSourcesBuildPhase;
			buildActionMask = 2147483647;
			files = (
				2CBF9B54245A61370071CAF6 /* EditValueView.swift in Sources */,
				2C1888652456098400D5FBC5 /* AppDelegate.swift in Sources */,
				2C188880245613AE00D5FBC5 /* PlantStore.swift in Sources */,
				2C18888724564DF400D5FBC5 /* PhotoCaptureView.swift in Sources */,
				2C18888924564E1400D5FBC5 /* ImagePicker.swift in Sources */,
				2C18886A2456098400D5FBC5 /* PlantWater.xcdatamodeld in Sources */,
				2C18887E2456106F00D5FBC5 /* PlantDetails.swift in Sources */,
				2C18887C24560ADE00D5FBC5 /* Plant.swift in Sources */,
				2C18886C2456098400D5FBC5 /* ContentView.swift in Sources */,
				2C1888672456098400D5FBC5 /* SceneDelegate.swift in Sources */,
			);
			runOnlyForDeploymentPostprocessing = 0;
		};
/* End PBXSourcesBuildPhase section */

/* Begin PBXVariantGroup section */
		2C1888722456098500D5FBC5 /* LaunchScreen.storyboard */ = {
			isa = PBXVariantGroup;
			children = (
				2C1888732456098500D5FBC5 /* Base */,
			);
			name = LaunchScreen.storyboard;
			sourceTree = "<group>";
		};
/* End PBXVariantGroup section */

/* Begin XCBuildConfiguration section */
		2C1888762456098500D5FBC5 /* Debug */ = {
			isa = XCBuildConfiguration;
			buildSettings = {
				ALWAYS_SEARCH_USER_PATHS = NO;
				CLANG_ANALYZER_NONNULL = YES;
				CLANG_ANALYZER_NUMBER_OBJECT_CONVERSION = YES_AGGRESSIVE;
				CLANG_CXX_LANGUAGE_STANDARD = "gnu++14";
				CLANG_CXX_LIBRARY = "libc++";
				CLANG_ENABLE_MODULES = YES;
				CLANG_ENABLE_OBJC_ARC = YES;
				CLANG_ENABLE_OBJC_WEAK = YES;
				CLANG_WARN_BLOCK_CAPTURE_AUTORELEASING = YES;
				CLANG_WARN_BOOL_CONVERSION = YES;
				CLANG_WARN_COMMA = YES;
				CLANG_WARN_CONSTANT_CONVERSION = YES;
				CLANG_WARN_DEPRECATED_OBJC_IMPLEMENTATIONS = YES;
				CLANG_WARN_DIRECT_OBJC_ISA_USAGE = YES_ERROR;
				CLANG_WARN_DOCUMENTATION_COMMENTS = YES;
				CLANG_WARN_EMPTY_BODY = YES;
				CLANG_WARN_ENUM_CONVERSION = YES;
				CLANG_WARN_INFINITE_RECURSION = YES;
				CLANG_WARN_INT_CONVERSION = YES;
				CLANG_WARN_NON_LITERAL_NULL_CONVERSION = YES;
				CLANG_WARN_OBJC_IMPLICIT_RETAIN_SELF = YES;
				CLANG_WARN_OBJC_LITERAL_CONVERSION = YES;
				CLANG_WARN_OBJC_ROOT_CLASS = YES_ERROR;
				CLANG_WARN_RANGE_LOOP_ANALYSIS = YES;
				CLANG_WARN_STRICT_PROTOTYPES = YES;
				CLANG_WARN_SUSPICIOUS_MOVE = YES;
				CLANG_WARN_UNGUARDED_AVAILABILITY = YES_AGGRESSIVE;
				CLANG_WARN_UNREACHABLE_CODE = YES;
				CLANG_WARN__DUPLICATE_METHOD_MATCH = YES;
				COPY_PHASE_STRIP = NO;
				DEBUG_INFORMATION_FORMAT = dwarf;
				ENABLE_STRICT_OBJC_MSGSEND = YES;
				ENABLE_TESTABILITY = YES;
				GCC_C_LANGUAGE_STANDARD = gnu11;
				GCC_DYNAMIC_NO_PIC = NO;
				GCC_NO_COMMON_BLOCKS = YES;
				GCC_OPTIMIZATION_LEVEL = 0;
				GCC_PREPROCESSOR_DEFINITIONS = (
					"DEBUG=1",
					"$(inherited)",
				);
				GCC_WARN_64_TO_32_BIT_CONVERSION = YES;
				GCC_WARN_ABOUT_RETURN_TYPE = YES_ERROR;
				GCC_WARN_UNDECLARED_SELECTOR = YES;
				GCC_WARN_UNINITIALIZED_AUTOS = YES_AGGRESSIVE;
				GCC_WARN_UNUSED_FUNCTION = YES;
				GCC_WARN_UNUSED_VARIABLE = YES;
				IPHONEOS_DEPLOYMENT_TARGET = 13.4;
				MTL_ENABLE_DEBUG_INFO = INCLUDE_SOURCE;
				MTL_FAST_MATH = YES;
				ONLY_ACTIVE_ARCH = YES;
				SDKROOT = iphoneos;
				SWIFT_ACTIVE_COMPILATION_CONDITIONS = DEBUG;
				SWIFT_OPTIMIZATION_LEVEL = "-Onone";
			};
			name = Debug;
		};
		2C1888772456098500D5FBC5 /* Release */ = {
			isa = XCBuildConfiguration;
			buildSettings = {
				ALWAYS_SEARCH_USER_PATHS = NO;
				CLANG_ANALYZER_NONNULL = YES;
				CLANG_ANALYZER_NUMBER_OBJECT_CONVERSION = YES_AGGRESSIVE;
				CLANG_CXX_LANGUAGE_STANDARD = "gnu++14";
				CLANG_CXX_LIBRARY = "libc++";
				CLANG_ENABLE_MODULES = YES;
				CLANG_ENABLE_OBJC_ARC = YES;
				CLANG_ENABLE_OBJC_WEAK = YES;
				CLANG_WARN_BLOCK_CAPTURE_AUTORELEASING = YES;
				CLANG_WARN_BOOL_CONVERSION = YES;
				CLANG_WARN_COMMA = YES;
				CLANG_WARN_CONSTANT_CONVERSION = YES;
				CLANG_WARN_DEPRECATED_OBJC_IMPLEMENTATIONS = YES;
				CLANG_WARN_DIRECT_OBJC_ISA_USAGE = YES_ERROR;
				CLANG_WARN_DOCUMENTATION_COMMENTS = YES;
				CLANG_WARN_EMPTY_BODY = YES;
				CLANG_WARN_ENUM_CONVERSION = YES;
				CLANG_WARN_INFINITE_RECURSION = YES;
				CLANG_WARN_INT_CONVERSION = YES;
				CLANG_WARN_NON_LITERAL_NULL_CONVERSION = YES;
				CLANG_WARN_OBJC_IMPLICIT_RETAIN_SELF = YES;
				CLANG_WARN_OBJC_LITERAL_CONVERSION = YES;
				CLANG_WARN_OBJC_ROOT_CLASS = YES_ERROR;
				CLANG_WARN_RANGE_LOOP_ANALYSIS = YES;
				CLANG_WARN_STRICT_PROTOTYPES = YES;
				CLANG_WARN_SUSPICIOUS_MOVE = YES;
				CLANG_WARN_UNGUARDED_AVAILABILITY = YES_AGGRESSIVE;
				CLANG_WARN_UNREACHABLE_CODE = YES;
				CLANG_WARN__DUPLICATE_METHOD_MATCH = YES;
				COPY_PHASE_STRIP = NO;
				DEBUG_INFORMATION_FORMAT = "dwarf-with-dsym";
				ENABLE_NS_ASSERTIONS = NO;
				ENABLE_STRICT_OBJC_MSGSEND = YES;
				GCC_C_LANGUAGE_STANDARD = gnu11;
				GCC_NO_COMMON_BLOCKS = YES;
				GCC_WARN_64_TO_32_BIT_CONVERSION = YES;
				GCC_WARN_ABOUT_RETURN_TYPE = YES_ERROR;
				GCC_WARN_UNDECLARED_SELECTOR = YES;
				GCC_WARN_UNINITIALIZED_AUTOS = YES_AGGRESSIVE;
				GCC_WARN_UNUSED_FUNCTION = YES;
				GCC_WARN_UNUSED_VARIABLE = YES;
				IPHONEOS_DEPLOYMENT_TARGET = 13.4;
				MTL_ENABLE_DEBUG_INFO = NO;
				MTL_FAST_MATH = YES;
				SDKROOT = iphoneos;
				SWIFT_COMPILATION_MODE = wholemodule;
				SWIFT_OPTIMIZATION_LEVEL = "-O";
				VALIDATE_PRODUCT = YES;
			};
			name = Release;
		};
		2C1888792456098500D5FBC5 /* Debug */ = {
			isa = XCBuildConfiguration;
			buildSettings = {
				ASSETCATALOG_COMPILER_APPICON_NAME = AppIcon;
				CODE_SIGN_IDENTITY = "Apple Development";
				CODE_SIGN_STYLE = Automatic;
				DEVELOPMENT_ASSET_PATHS = "\"PlantWater/Preview Content\"";
				DEVELOPMENT_TEAM = 9EBDBA4ZC3;
				ENABLE_PREVIEWS = YES;
				INFOPLIST_FILE = PlantWater/Info.plist;
				LD_RUNPATH_SEARCH_PATHS = (
					"$(inherited)",
					"@executable_path/Frameworks",
				);
				PRODUCT_BUNDLE_IDENTIFIER = marcusth.PlantWater;
				PRODUCT_NAME = "$(TARGET_NAME)";
				PROVISIONING_PROFILE_SPECIFIER = "";
				SWIFT_VERSION = 5.0;
				TARGETED_DEVICE_FAMILY = "1,2";
			};
			name = Debug;
		};
		2C18887A2456098500D5FBC5 /* Release */ = {
			isa = XCBuildConfiguration;
			buildSettings = {
				ASSETCATALOG_COMPILER_APPICON_NAME = AppIcon;
				CODE_SIGN_IDENTITY = "Apple Development";
				CODE_SIGN_STYLE = Automatic;
				DEVELOPMENT_ASSET_PATHS = "\"PlantWater/Preview Content\"";
				DEVELOPMENT_TEAM = 9EBDBA4ZC3;
				ENABLE_PREVIEWS = YES;
				INFOPLIST_FILE = PlantWater/Info.plist;
				LD_RUNPATH_SEARCH_PATHS = (
					"$(inherited)",
					"@executable_path/Frameworks",
				);
				PRODUCT_BUNDLE_IDENTIFIER = marcusth.PlantWater;
				PRODUCT_NAME = "$(TARGET_NAME)";
				PROVISIONING_PROFILE_SPECIFIER = "";
				SWIFT_VERSION = 5.0;
				TARGETED_DEVICE_FAMILY = "1,2";
			};
			name = Release;
		};
/* End XCBuildConfiguration section */

/* Begin XCConfigurationList section */
		2C18885C2456098400D5FBC5 /* Build configuration list for PBXProject "PlantWater" */ = {
			isa = XCConfigurationList;
			buildConfigurations = (
				2C1888762456098500D5FBC5 /* Debug */,
				2C1888772456098500D5FBC5 /* Release */,
			);
			defaultConfigurationIsVisible = 0;
			defaultConfigurationName = Release;
		};
		2C1888782456098500D5FBC5 /* Build configuration list for PBXNativeTarget "PlantWater" */ = {
			isa = XCConfigurationList;
			buildConfigurations = (
				2C1888792456098500D5FBC5 /* Debug */,
				2C18887A2456098500D5FBC5 /* Release */,
			);
			defaultConfigurationIsVisible = 0;
			defaultConfigurationName = Release;
		};
/* End XCConfigurationList section */

/* Begin XCVersionGroup section */
		2C1888682456098400D5FBC5 /* PlantWater.xcdatamodeld */ = {
			isa = XCVersionGroup;
			children = (
				2C1888692456098400D5FBC5 /* PlantWater.xcdatamodel */,
			);
			currentVersion = 2C1888692456098400D5FBC5 /* PlantWater.xcdatamodel */;
			path = PlantWater.xcdatamodeld;
			sourceTree = "<group>";
			versionGroupType = wrapper.xcdatamodel;
		};
/* End XCVersionGroup section */
	};
	rootObject = 2C1888592456098400D5FBC5 /* Project object */;
}
